
Microsoft Visual Studio Solution File, Format Version 12.00
# Visual Studio Version 16
VisualStudioVersion = 16.0.29926.136
MinimumVisualStudioVersion = 10.0.40219.1
Project("{FAE04EC0-301F-11D3-BF4B-00C04F79EFBC}") = "Juego Adivina Animal P1P3", "Juego Adivina Animal P1P3.csproj", "{7A8CE356-ED5B-475C-B32F-564F899FE427}"
EndProject
Global
	GlobalSection(SolutionConfigurationPlatforms) = preSolution
		Debug|Any CPU = Debug|Any CPU
		Release|Any CPU = Release|Any CPU
	EndGlobalSection
	GlobalSection(ProjectConfigurationPlatforms) = postSolution
		{7A8CE356-ED5B-475C-B32F-564F899FE427}.Debug|Any CPU.ActiveCfg = Debug|Any CPU
		{7A8CE356-ED5B-475C-B32F-564F899FE427}.Debug|Any CPU.Build.0 = Debug|Any CPU
		{7A8CE356-ED5B-475C-B32F-564F899FE427}.Release|Any CPU.ActiveCfg = Release|Any CPU
		{7A8CE356-ED5B-475C-B32F-564F899FE427}.Release|Any CPU.Build.0 = Release|Any CPU
	EndGlobalSection
	GlobalSection(SolutionProperties) = preSolution
		HideSolutionNode = FALSE
	EndGlobalSection
	GlobalSection(ExtensibilityGlobals) = postSolution
		SolutionGuid = {24928D3B-0FB5-496A-A746-B42BDF7F88A5}
	EndGlobalSection
EndGlobal
